// !$*UTF8*$!
{
	archiveVersion = 1;
	classes = {
	};
	objectVersion = 46;
	objects = {

/* Begin PBXBuildFile section */
		8CDAA1901DAE8B4600489933 /* AppDelegate.swift in Sources */ = {isa = PBXBuildFile; fileRef = 8CDAA18F1DAE8B4600489933 /* AppDelegate.swift */; };
		8CDAA1921DAE8B4600489933 /* ViewController.swift in Sources */ = {isa = PBXBuildFile; fileRef = 8CDAA1911DAE8B4600489933 /* ViewController.swift */; };
		8CDAA1951DAE8B4600489933 /* Main.storyboard in Resources */ = {isa = PBXBuildFile; fileRef = 8CDAA1931DAE8B4600489933 /* Main.storyboard */; };
		8CDAA1971DAE8B4600489933 /* Assets.xcassets in Resources */ = {isa = PBXBuildFile; fileRef = 8CDAA1961DAE8B4600489933 /* Assets.xcassets */; };
		8CDAA19A1DAE8B4600489933 /* LaunchScreen.storyboard in Resources */ = {isa = PBXBuildFile; fileRef = 8CDAA1981DAE8B4600489933 /* LaunchScreen.storyboard */; };
/* End PBXBuildFile section */

/* Begin PBXFileReference section */
		8CDAA18C1DAE8B4600489933 /* AtmConsultoria.app */ = {isa = PBXFileReference; explicitFileType = wrapper.application; includeInIndex = 0; path = AtmConsultoria.app; sourceTree = BUILT_PRODUCTS_DIR; };
		8CDAA18F1DAE8B4600489933 /* AppDelegate.swift */ = {isa = PBXFileReference; lastKnownFileType = sourcecode.swift; path = AppDelegate.swift; sourceTree = "<group>"; };
		8CDAA1911DAE8B4600489933 /* ViewController.swift */ = {isa = PBXFileReference; lastKnownFileType = sourcecode.swift; path = ViewController.swift; sourceTree = "<group>"; };
		8CDAA1941DAE8B4600489933 /* Base */ = {isa = PBXFileReference; lastKnownFileType = file.storyboard; name = Base; path = Base.lproj/Main.storyboard; sourceTree = "<group>"; };
		8CDAA1961DAE8B4600489933 /* Assets.xcassets */ = {isa = PBXFileReference; lastKnownFileType = folder.assetcatalog; path = Assets.xcassets; sourceTree = "<group>"; };
		8CDAA1991DAE8B4600489933 /* Base */ = {isa = PBXFileReference; lastKnownFileType = file.storyboard; name = Base; path = Base.lproj/LaunchScreen.storyboard; sourceTree = "<group>"; };
		8CDAA19B1DAE8B4600489933 /* Info.plist */ = {isa = PBXFileReference; lastKnownFileType = text.plist.xml; path = Info.plist; sourceTree = "<group>"; };
/* End PBXFileReference section */

/* Begin PBXFrameworksBuildPhase section */
		8CDAA1891DAE8B4600489933 /* Frameworks */ = {
			isa = PBXFrameworksBuildPhase;
			buildActionMask = 2147483647;
			files = (
			);
			runOnlyForDeploymentPostprocessing = 0;
		};
/* End PBXFrameworksBuildPhase section */

/* Begin PBXGroup section */
		8CDAA1831DAE8B4600489933 = {
			isa = PBXGroup;
			children = (
				8CDAA18E1DAE8B4600489933 /* AtmConsultoria */,
				8CDAA18D1DAE8B4600489933 /* Products */,
			);
			sourceTree = "<group>";
		};
		8CDAA18D1DAE8B4600489933 /* Products */ = {
			isa = PBXGroup;
			children = (
				8CDAA18C1DAE8B4600489933 /* AtmConsultoria.app */,
			);
			name = Products;
			sourceTree = "<group>";
		};
		8CDAA18E1DAE8B4600489933 /* AtmConsultoria */ = {
			isa = PBXGroup;
			children = (
				8CDAA18F1DAE8B4600489933 /* AppDelegate.swift */,
				8CDAA1911DAE8B4600489933 /* ViewController.swift */,
				8CDAA1931DAE8B4600489933 /* Main.storyboard */,
				8CDAA1961DAE8B4600489933 /* Assets.xcassets */,
				8CDAA1981DAE8B4600489933 /* LaunchScreen.storyboard */,
				8CDAA19B1DAE8B4600489933 /* Info.plist */,
			);
			path = AtmConsultoria;
			sourceTree = "<group>";
		};
/* End PBXGroup section */

/* Begin PBXNativeTarget section */
		8CDAA18B1DAE8B4600489933 /* AtmConsultoria */ = {
			isa = PBXNativeTarget;
			buildConfigurationList = 8CDAA19E1DAE8B4600489933 /* Build configuration list for PBXNativeTarget "AtmConsultoria" */;
			buildPhases = (
				8CDAA1881DAE8B4600489933 /* Sources */,
				8CDAA1891DAE8B4600489933 /* Frameworks */,
				8CDAA18A1DAE8B4600489933 /* Resources */,
			);
			buildRules = (
			);
			dependencies = (
			);
			name = AtmConsultoria;
			productName = AtmConsultoria;
			productReference = 8CDAA18C1DAE8B4600489933 /* AtmConsultoria.app */;
			productType = "com.apple.product-type.application";
		};
/* End PBXNativeTarget section */

/* Begin PBXProject section */
		8CDAA1841DAE8B4600489933 /* Project object */ = {
			isa = PBXProject;
			attributes = {
				LastSwiftUpdateCheck = 0800;
				LastUpgradeCheck = 0800;
				ORGANIZATIONNAME = "Nubio Knupp";
				TargetAttributes = {
					8CDAA18B1DAE8B4600489933 = {
						CreatedOnToolsVersion = 8.0;
						ProvisioningStyle = Automatic;
					};
				};
			};
			buildConfigurationList = 8CDAA1871DAE8B4600489933 /* Build configuration list for PBXProject "AtmConsultoria" */;
			compatibilityVersion = "Xcode 3.2";
			developmentRegion = English;
			hasScannedForEncodings = 0;
			knownRegions = (
				en,
				Base,
			);
			mainGroup = 8CDAA1831DAE8B4600489933;
			productRefGroup = 8CDAA18D1DAE8B4600489933 /* Products */;
			projectDirPath = "";
			projectRoot = "";
			targets = (
				8CDAA18B1DAE8B4600489933 /* AtmConsultoria */,
			);
		};
/* End PBXProject section */

/* Begin PBXResourcesBuildPhase section */
		8CDAA18A1DAE8B4600489933 /* Resources */ = {
			isa = PBXResourcesBuildPhase;
			buildActionMask = 2147483647;
			files = (
				8CDAA19A1DAE8B4600489933 /* LaunchScreen.storyboard in Resources */,
				8CDAA1971DAE8B4600489933 /* Assets.xcassets in Resources */,
				8CDAA1951DAE8B4600489933 /* Main.storyboard in Resources */,
			);
			runOnlyForDeploymentPostprocessing = 0;
		};
/* End PBXResourcesBuildPhase section */

/* Begin PBXSourcesBuildPhase section */
		8CDAA1881DAE8B4600489933 /* Sources */ = {
			isa = PBXSourcesBuildPhase;
			buildActionMask = 2147483647;
			files = (
				8CDAA1921DAE8B4600489933 /* ViewController.swift in Sources */,
				8CDAA1901DAE8B4600489933 /* AppDelegate.swift in Sources */,
			);
			runOnlyForDeploymentPostprocessing = 0;
		};
/* End PBXSourcesBuildPhase section */

/* Begin PBXVariantGroup section */
		8CDAA1931DAE8B4600489933 /* Main.storyboard */ = {
			isa = PBXVariantGroup;
			children = (
				8CDAA1941DAE8B4600489933 /* Base */,
			);
			name = Main.storyboard;
			sourceTree = "<group>";
		};
		8CDAA1981DAE8B4600489933 /* LaunchScreen.storyboard */ = {
			isa = PBXVariantGroup;
			children = (
				8CDAA1991DAE8B4600489933 /* Base */,
			);
			name = LaunchScreen.storyboard;
			sourceTree = "<group>";
		};
/* End PBXVariantGroup section */

/* Begin XCBuildConfiguration section */
		8CDAA19C1DAE8B4600489933 /* Debug */ = {
			isa = XCBuildConfiguration;
			buildSettings = {
				ALWAYS_SEARCH_USER_PATHS = NO;
				CLANG_ANALYZER_NONNULL = YES;
				CLANG_CXX_LANGUAGE_STANDARD = "gnu++0x";
				CLANG_CXX_LIBRARY = "libc++";
				CLANG_ENABLE_MODULES = YES;
				CLANG_ENABLE_OBJC_ARC = YES;
				CLANG_WARN_BOOL_CONVERSION = YES;
				CLANG_WARN_CONSTANT_CONVERSION = YES;
				CLANG_WARN_DIRECT_OBJC_ISA_USAGE = YES_ERROR;
				CLANG_WARN_DOCUMENTATION_COMMENTS = YES;
				CLANG_WARN_EMPTY_BODY = YES;
				CLANG_WARN_ENUM_CONVERSION = YES;
				CLANG_WARN_INFINITE_RECURSION = YES;
				CLANG_WARN_INT_CONVERSION = YES;
				CLANG_WARN_OBJC_ROOT_CLASS = YES_ERROR;
				CLANG_WARN_SUSPICIOUS_MOVES = YES;
				CLANG_WARN_UNREACHABLE_CODE = YES;
				CLANG_WARN__DUPLICATE_METHOD_MATCH = YES;
				"CODE_SIGN_IDENTITY[sdk=iphoneos*]" = "iPhone Developer";
				COPY_PHASE_STRIP = NO;
				DEBUG_INFORMATION_FORMAT = dwarf;
				ENABLE_STRICT_OBJC_MSGSEND = YES;
				ENABLE_TESTABILITY = YES;
				GCC_C_LANGUAGE_STANDARD = gnu99;
				GCC_DYNAMIC_NO_PIC = NO;
				GCC_NO_COMMON_BLOCKS = YES;
				GCC_OPTIMIZATION_LEVEL = 0;
				GCC_PREPROCESSOR_DEFINITIONS = (
					"DEBUG=1",
					"$(inherited)",
				);
				GCC_WARN_64_TO_32_BIT_CONVERSION = YES;
				GCC_WARN_ABOUT_RETURN_TYPE = YES_ERROR;
				GCC_WARN_UNDECLARED_SELECTOR = YES;
				GCC_WARN_UNINITIALIZED_AUTOS = YES_AGGRESSIVE;
				GCC_WARN_UNUSED_FUNCTION = YES;
				GCC_WARN_UNUSED_VARIABLE = YES;
				IPHONEOS_DEPLOYMENT_TARGET = 10.0;
				MTL_ENABLE_DEBUG_INFO = YES;
				ONLY_ACTIVE_ARCH = YES;
				SDKROOT = iphoneos;
				SWIFT_ACTIVE_COMPILATION_CONDITIONS = DEBUG;
				SWIFT_OPTIMIZATION_LEVEL = "-Onone";
			};
			name = Debug;
		};
		8CDAA19D1DAE8B4600489933 /* Release */ = {
			isa = XCBuildConfiguration;
			buildSettings = {
				ALWAYS_SEARCH_USER_PATHS = NO;
				CLANG_ANALYZER_NONNULL = YES;
				CLANG_CXX_LANGUAGE_STANDARD = "gnu++0x";
				CLANG_CXX_LIBRARY = "libc++";
				CLANG_ENABLE_MODULES = YES;
				CLANG_ENABLE_OBJC_ARC = YES;
				CLANG_WARN_BOOL_CONVERSION = YES;
				CLANG_WARN_CONSTANT_CONVERSION = YES;
				CLANG_WARN_DIRECT_OBJC_ISA_USAGE = YES_ERROR;
				CLANG_WARN_DOCUMENTATION_COMMENTS = YES;
				CLANG_WARN_EMPTY_BODY = YES;
				CLANG_WARN_ENUM_CONVERSION = YES;
				CLANG_WARN_INFINITE_RECURSION = YES;
				CLANG_WARN_INT_CONVERSION = YES;
				CLANG_WARN_OBJC_ROOT_CLASS = YES_ERROR;
				CLANG_WARN_SUSPICIOUS_MOVES = YES;
				CLANG_WARN_UNREACHABLE_CODE = YES;
				CLANG_WARN__DUPLICATE_METHOD_MATCH = YES;
				"CODE_SIGN_IDENTITY[sdk=iphoneos*]" = "iPhone Developer";
				COPY_PHASE_STRIP = NO;
				DEBUG_INFORMATION_FORMAT = "dwarf-with-dsym";
				ENABLE_NS_ASSERTIONS = NO;
				ENABLE_STRICT_OBJC_MSGSEND = YES;
				GCC_C_LANGUAGE_STANDARD = gnu99;
				GCC_NO_COMMON_BLOCKS = YES;
				GCC_WARN_64_TO_32_BIT_CONVERSION = YES;
				GCC_WARN_ABOUT_RETURN_TYPE = YES_ERROR;
				GCC_WARN_UNDECLARED_SELECTOR = YES;
				GCC_WARN_UNINITIALIZED_AUTOS = YES_AGGRESSIVE;
				GCC_WARN_UNUSED_FUNCTION = YES;
				GCC_WARN_UNUSED_VARIABLE = YES;
				IPHONEOS_DEPLOYMENT_TARGET = 10.0;
				MTL_ENABLE_DEBUG_INFO = NO;
				SDKROOT = iphoneos;
				SWIFT_OPTIMIZATION_LEVEL = "-Owholemodule";
				VALIDATE_PRODUCT = YES;
			};
			name = Release;
		};
		8CDAA19F1DAE8B4600489933 /* Debug */ = {
			isa = XCBuildConfiguration;
			buildSettings = {
				ASSETCATALOG_COMPILER_APPICON_NAME = AppIcon;
				INFOPLIST_FILE = AtmConsultoria/Info.plist;
				LD_RUNPATH_SEARCH_PATHS = "$(inherited) @executable_path/Frameworks";
				PRODUCT_BUNDLE_IDENTIFIER = com.knupp.AtmConsultoria;
				PRODUCT_NAME = "$(TARGET_NAME)";
				SWIFT_VERSION = 3.0;
			};
			name = Debug;
		};
		8CDAA1A01DAE8B4600489933 /* Release */ = {
			isa = XCBuildConfiguration;
			buildSettings = {
				ASSETCATALOG_COMPILER_APPICON_NAME = AppIcon;
				INFOPLIST_FILE = AtmConsultoria/Info.plist;
				LD_RUNPATH_SEARCH_PATHS = "$(inherited) @executable_path/Frameworks";
				PRODUCT_BUNDLE_IDENTIFIER = com.knupp.AtmConsultoria;
				PRODUCT_NAME = "$(TARGET_NAME)";
				SWIFT_VERSION = 3.0;
			};
			name = Release;
		};
/* End XCBuildConfiguration section */

/* Begin XCConfigurationList section */
		8CDAA1871DAE8B4600489933 /* Build configuration list for PBXProject "AtmConsultoria" */ = {
			isa = XCConfigurationList;
			buildConfigurations = (
				8CDAA19C1DAE8B4600489933 /* Debug */,
				8CDAA19D1DAE8B4600489933 /* Release */,
			);
			defaultConfigurationIsVisible = 0;
			defaultConfigurationName = Release;
		};
		8CDAA19E1DAE8B4600489933 /* Build configuration list for PBXNativeTarget "AtmConsultoria" */ = {
			isa = XCConfigurationList;
			buildConfigurations = (
				8CDAA19F1DAE8B4600489933 /* Debug */,
				8CDAA1A01DAE8B4600489933 /* Release */,
			);
			defaultConfigurationIsVisible = 0;
		};
/* End XCConfigurationList section */
	};
	rootObject = 8CDAA1841DAE8B4600489933 /* Project object */;
}
